
Microsoft Visual Studio Solution File, Format Version 12.00
# Visual Studio Version 17
VisualStudioVersion = 17.9.34714.143
MinimumVisualStudioVersion = 10.0.40219.1
Project("{FAE04EC0-301F-11D3-BF4B-00C04F79EFBC}") = "Média evolução", "Média evolução.csproj", "{8E1421E3-A294-4A18-8D5E-1878EFA2938A}"
EndProject
Global
	GlobalSection(SolutionConfigurationPlatforms) = preSolution
		Debug|Any CPU = Debug|Any CPU
		Release|Any CPU = Release|Any CPU
	EndGlobalSection
	GlobalSection(ProjectConfigurationPlatforms) = postSolution
		{8E1421E3-A294-4A18-8D5E-1878EFA2938A}.Debug|Any CPU.ActiveCfg = Debug|Any CPU
		{8E1421E3-A294-4A18-8D5E-1878EFA2938A}.Debug|Any CPU.Build.0 = Debug|Any CPU
		{8E1421E3-A294-4A18-8D5E-1878EFA2938A}.Release|Any CPU.ActiveCfg = Release|Any CPU
		{8E1421E3-A294-4A18-8D5E-1878EFA2938A}.Release|Any CPU.Build.0 = Release|Any CPU
	EndGlobalSection
	GlobalSection(SolutionProperties) = preSolution
		HideSolutionNode = FALSE
	EndGlobalSection
	GlobalSection(ExtensibilityGlobals) = postSolution
		SolutionGuid = {8F324584-1D25-4E9B-B90A-CED5C5C68D7A}
	EndGlobalSection
EndGlobal
