
Microsoft Visual Studio Solution File, Format Version 12.00
# Visual Studio Version 17
VisualStudioVersion = 17.11.35312.102
MinimumVisualStudioVersion = 10.0.40219.1
Project("{FAE04EC0-301F-11D3-BF4B-00C04F79EFBC}") = "Ex UM", "Ex UM\Ex UM.csproj", "{F1B3DCF2-ABB5-40DD-8108-1C387760FB5F}"
EndProject
Project("{FAE04EC0-301F-11D3-BF4B-00C04F79EFBC}") = "Ex DOIS", "Ex DOIS\Ex DOIS.csproj", "{128627BF-5390-44B5-AC5E-2856A4844153}"
EndProject
Project("{FAE04EC0-301F-11D3-BF4B-00C04F79EFBC}") = "Ex QUATRO", "Ex TRES\Ex QUATRO.csproj", "{8CDF34A8-48A3-416F-857B-DE3989E5885B}"
EndProject
Global
	GlobalSection(SolutionConfigurationPlatforms) = preSolution
		Debug|Any CPU = Debug|Any CPU
		Release|Any CPU = Release|Any CPU
	EndGlobalSection
	GlobalSection(ProjectConfigurationPlatforms) = postSolution
		{F1B3DCF2-ABB5-40DD-8108-1C387760FB5F}.Debug|Any CPU.ActiveCfg = Debug|Any CPU
		{F1B3DCF2-ABB5-40DD-8108-1C387760FB5F}.Debug|Any CPU.Build.0 = Debug|Any CPU
		{F1B3DCF2-ABB5-40DD-8108-1C387760FB5F}.Release|Any CPU.ActiveCfg = Release|Any CPU
		{F1B3DCF2-ABB5-40DD-8108-1C387760FB5F}.Release|Any CPU.Build.0 = Release|Any CPU
		{128627BF-5390-44B5-AC5E-2856A4844153}.Debug|Any CPU.ActiveCfg = Debug|Any CPU
		{128627BF-5390-44B5-AC5E-2856A4844153}.Debug|Any CPU.Build.0 = Debug|Any CPU
		{128627BF-5390-44B5-AC5E-2856A4844153}.Release|Any CPU.ActiveCfg = Release|Any CPU
		{128627BF-5390-44B5-AC5E-2856A4844153}.Release|Any CPU.Build.0 = Release|Any CPU
		{8CDF34A8-48A3-416F-857B-DE3989E5885B}.Debug|Any CPU.ActiveCfg = Debug|Any CPU
		{8CDF34A8-48A3-416F-857B-DE3989E5885B}.Debug|Any CPU.Build.0 = Debug|Any CPU
		{8CDF34A8-48A3-416F-857B-DE3989E5885B}.Release|Any CPU.ActiveCfg = Release|Any CPU
		{8CDF34A8-48A3-416F-857B-DE3989E5885B}.Release|Any CPU.Build.0 = Release|Any CPU
	EndGlobalSection
	GlobalSection(SolutionProperties) = preSolution
		HideSolutionNode = FALSE
	EndGlobalSection
	GlobalSection(ExtensibilityGlobals) = postSolution
		SolutionGuid = {CAB1D6A1-A7DC-464E-ACC8-92DE5C618F3B}
	EndGlobalSection
EndGlobal
