
Microsoft Visual Studio Solution File, Format Version 12.00
# Visual Studio Version 17
VisualStudioVersion = 17.8.34330.188
MinimumVisualStudioVersion = 10.0.40219.1
Project("{FAE04EC0-301F-11D3-BF4B-00C04F79EFBC}") = "Pilhas (Stack)", "Pilhas (Stack).csproj", "{A08B3CC7-FA96-4577-ABCD-A4AC08706730}"
EndProject
Global
	GlobalSection(SolutionConfigurationPlatforms) = preSolution
		Debug|Any CPU = Debug|Any CPU
		Release|Any CPU = Release|Any CPU
	EndGlobalSection
	GlobalSection(ProjectConfigurationPlatforms) = postSolution
		{A08B3CC7-FA96-4577-ABCD-A4AC08706730}.Debug|Any CPU.ActiveCfg = Debug|Any CPU
		{A08B3CC7-FA96-4577-ABCD-A4AC08706730}.Debug|Any CPU.Build.0 = Debug|Any CPU
		{A08B3CC7-FA96-4577-ABCD-A4AC08706730}.Release|Any CPU.ActiveCfg = Release|Any CPU
		{A08B3CC7-FA96-4577-ABCD-A4AC08706730}.Release|Any CPU.Build.0 = Release|Any CPU
	EndGlobalSection
	GlobalSection(SolutionProperties) = preSolution
		HideSolutionNode = FALSE
	EndGlobalSection
	GlobalSection(ExtensibilityGlobals) = postSolution
		SolutionGuid = {16E1CDB0-302D-4A9B-BEC7-631D76550D40}
	EndGlobalSection
EndGlobal
